
Microsoft Visual Studio Solution File, Format Version 12.00
# Visual Studio Version 17
VisualStudioVersion = 17.5.33502.453
MinimumVisualStudioVersion = 10.0.40219.1
Project("{FAE04EC0-301F-11D3-BF4B-00C04F79EFBC}") = "WeatherApi", "WeatherApi\WeatherApi.csproj", "{D8EF5A06-9CB0-4E6F-B829-7A2D8F3F3326}"
EndProject
Global
	GlobalSection(SolutionConfigurationPlatforms) = preSolution
		Debug|Any CPU = Debug|Any CPU
		Release|Any CPU = Release|Any CPU
	EndGlobalSection
	GlobalSection(ProjectConfigurationPlatforms) = postSolution
		{D8EF5A06-9CB0-4E6F-B829-7A2D8F3F3326}.Debug|Any CPU.ActiveCfg = Debug|Any CPU
		{D8EF5A06-9CB0-4E6F-B829-7A2D8F3F3326}.Debug|Any CPU.Build.0 = Debug|Any CPU
		{D8EF5A06-9CB0-4E6F-B829-7A2D8F3F3326}.Release|Any CPU.ActiveCfg = Release|Any CPU
		{D8EF5A06-9CB0-4E6F-B829-7A2D8F3F3326}.Release|Any CPU.Build.0 = Release|Any CPU
	EndGlobalSection
	GlobalSection(SolutionProperties) = preSolution
		HideSolutionNode = FALSE
	EndGlobalSection
	GlobalSection(ExtensibilityGlobals) = postSolution
		SolutionGuid = {53B78A8D-C75E-4337-B6B6-285BEE746356}
	EndGlobalSection
EndGlobal
